
Microsoft Visual Studio Solution File, Format Version 12.00
# Visual Studio Version 17
VisualStudioVersion = 17.8.34511.84
MinimumVisualStudioVersion = 10.0.40219.1
Project("{FAE04EC0-301F-11D3-BF4B-00C04F79EFBC}") = "set2ex11", "set2ex11\set2ex11.csproj", "{76862B91-EC18-420B-87FA-B1B2D722156B}"
EndProject
Global
	GlobalSection(SolutionConfigurationPlatforms) = preSolution
		Debug|Any CPU = Debug|Any CPU
		Release|Any CPU = Release|Any CPU
	EndGlobalSection
	GlobalSection(ProjectConfigurationPlatforms) = postSolution
		{76862B91-EC18-420B-87FA-B1B2D722156B}.Debug|Any CPU.ActiveCfg = Debug|Any CPU
		{76862B91-EC18-420B-87FA-B1B2D722156B}.Debug|Any CPU.Build.0 = Debug|Any CPU
		{76862B91-EC18-420B-87FA-B1B2D722156B}.Release|Any CPU.ActiveCfg = Release|Any CPU
		{76862B91-EC18-420B-87FA-B1B2D722156B}.Release|Any CPU.Build.0 = Release|Any CPU
	EndGlobalSection
	GlobalSection(SolutionProperties) = preSolution
		HideSolutionNode = FALSE
	EndGlobalSection
	GlobalSection(ExtensibilityGlobals) = postSolution
		SolutionGuid = {1BEDC55A-9717-4079-9825-773A43DAEC24}
	EndGlobalSection
EndGlobal
