
Microsoft Visual Studio Solution File, Format Version 12.00
# Visual Studio Version 17
VisualStudioVersion = 17.7.34202.233
MinimumVisualStudioVersion = 10.0.40219.1
Project("{FAE04EC0-301F-11D3-BF4B-00C04F79EFBC}") = "set2ex8", "set2ex8\set2ex8.csproj", "{F6925DB7-480A-46CF-B1EF-9AE04C2B9DD1}"
EndProject
Global
	GlobalSection(SolutionConfigurationPlatforms) = preSolution
		Debug|Any CPU = Debug|Any CPU
		Release|Any CPU = Release|Any CPU
	EndGlobalSection
	GlobalSection(ProjectConfigurationPlatforms) = postSolution
		{F6925DB7-480A-46CF-B1EF-9AE04C2B9DD1}.Debug|Any CPU.ActiveCfg = Debug|Any CPU
		{F6925DB7-480A-46CF-B1EF-9AE04C2B9DD1}.Debug|Any CPU.Build.0 = Debug|Any CPU
		{F6925DB7-480A-46CF-B1EF-9AE04C2B9DD1}.Release|Any CPU.ActiveCfg = Release|Any CPU
		{F6925DB7-480A-46CF-B1EF-9AE04C2B9DD1}.Release|Any CPU.Build.0 = Release|Any CPU
	EndGlobalSection
	GlobalSection(SolutionProperties) = preSolution
		HideSolutionNode = FALSE
	EndGlobalSection
	GlobalSection(ExtensibilityGlobals) = postSolution
		SolutionGuid = {54752EF1-1DC0-4D4B-B05F-81B66BB282AA}
	EndGlobalSection
EndGlobal
