
Microsoft Visual Studio Solution File, Format Version 12.00
# Visual Studio Version 17
VisualStudioVersion = 17.7.34202.233
MinimumVisualStudioVersion = 10.0.40219.1
Project("{FAE04EC0-301F-11D3-BF4B-00C04F79EFBC}") = "set2ex5", "set2ex5\set2ex5.csproj", "{13E63F70-B6AD-4B9F-B142-1B1C45252238}"
EndProject
Global
	GlobalSection(SolutionConfigurationPlatforms) = preSolution
		Debug|Any CPU = Debug|Any CPU
		Release|Any CPU = Release|Any CPU
	EndGlobalSection
	GlobalSection(ProjectConfigurationPlatforms) = postSolution
		{13E63F70-B6AD-4B9F-B142-1B1C45252238}.Debug|Any CPU.ActiveCfg = Debug|Any CPU
		{13E63F70-B6AD-4B9F-B142-1B1C45252238}.Debug|Any CPU.Build.0 = Debug|Any CPU
		{13E63F70-B6AD-4B9F-B142-1B1C45252238}.Release|Any CPU.ActiveCfg = Release|Any CPU
		{13E63F70-B6AD-4B9F-B142-1B1C45252238}.Release|Any CPU.Build.0 = Release|Any CPU
	EndGlobalSection
	GlobalSection(SolutionProperties) = preSolution
		HideSolutionNode = FALSE
	EndGlobalSection
	GlobalSection(ExtensibilityGlobals) = postSolution
		SolutionGuid = {06301F4B-F443-48FE-A485-8923884CEB65}
	EndGlobalSection
EndGlobal
